// !$*UTF8*$!
{
	archiveVersion = 1;
	classes = {
	};
	objectVersion = 51;
	objects = {

/* Begin PBXBuildFile section */
		41CC5CEFFB2B75F99BA1E671 /* Pods_flixterTests.framework in Frameworks */ = {isa = PBXBuildFile; fileRef = 6E86680F10328365103A6E4E /* Pods_flixterTests.framework */; };
		AB9446F8EBDDA02A9A1188C8 /* Pods_flixter.framework in Frameworks */ = {isa = PBXBuildFile; fileRef = 82A08C04AA1D1AAFFE4775CC /* Pods_flixter.framework */; };
		F043553F0567EFC351852795 /* Pods_flixter_flixterUITests.framework in Frameworks */ = {isa = PBXBuildFile; fileRef = 097C22D94E26E390A8708EA1 /* Pods_flixter_flixterUITests.framework */; };
		F72816EB2525C34800C543BB /* MovieGridDetailsViewController.swift in Sources */ = {isa = PBXBuildFile; fileRef = F72816EA2525C34800C543BB /* MovieGridDetailsViewController.swift */; };
		F74916842521C4BD007242A8 /* MovieGridViewController.swift in Sources */ = {isa = PBXBuildFile; fileRef = F74916832521C4BD007242A8 /* MovieGridViewController.swift */; };
		F74916992521D815007242A8 /* MovieGridCell.swift in Sources */ = {isa = PBXBuildFile; fileRef = F74916982521D815007242A8 /* MovieGridCell.swift */; };
		F7F85427251E82E50059FC4F /* AppDelegate.swift in Sources */ = {isa = PBXBuildFile; fileRef = F7F85426251E82E50059FC4F /* AppDelegate.swift */; };
		F7F85429251E82E50059FC4F /* SceneDelegate.swift in Sources */ = {isa = PBXBuildFile; fileRef = F7F85428251E82E50059FC4F /* SceneDelegate.swift */; };
		F7F8542E251E82E50059FC4F /* Main.storyboard in Resources */ = {isa = PBXBuildFile; fileRef = F7F8542C251E82E50059FC4F /* Main.storyboard */; };
		F7F85430251E82E80059FC4F /* Assets.xcassets in Resources */ = {isa = PBXBuildFile; fileRef = F7F8542F251E82E80059FC4F /* Assets.xcassets */; };
		F7F85433251E82E80059FC4F /* LaunchScreen.storyboard in Resources */ = {isa = PBXBuildFile; fileRef = F7F85431251E82E80059FC4F /* LaunchScreen.storyboard */; };
		F7F8543E251E82E80059FC4F /* flixterTests.swift in Sources */ = {isa = PBXBuildFile; fileRef = F7F8543D251E82E80059FC4F /* flixterTests.swift */; };
		F7F85449251E82E80059FC4F /* flixterUITests.swift in Sources */ = {isa = PBXBuildFile; fileRef = F7F85448251E82E80059FC4F /* flixterUITests.swift */; };
		F7F85468251E88F50059FC4F /* MoviesViewController.swift in Sources */ = {isa = PBXBuildFile; fileRef = F7F85467251E88F50059FC4F /* MoviesViewController.swift */; };
		F7F8547F251EFE3A0059FC4F /* MovieCell.swift in Sources */ = {isa = PBXBuildFile; fileRef = F7F8547E251EFE3A0059FC4F /* MovieCell.swift */; };
		F7FEED8F2520F98C005D38FC /* MovieDetailsViewController.swift in Sources */ = {isa = PBXBuildFile; fileRef = F7FEED8E2520F98C005D38FC /* MovieDetailsViewController.swift */; };
/* End PBXBuildFile section */

/* Begin PBXContainerItemProxy section */
		F7F8543A251E82E80059FC4F /* PBXContainerItemProxy */ = {
			isa = PBXContainerItemProxy;
			containerPortal = F7F8541B251E82E50059FC4F /* Project object */;
			proxyType = 1;
			remoteGlobalIDString = F7F85422251E82E50059FC4F;
			remoteInfo = flixter;
		};
		F7F85445251E82E80059FC4F /* PBXContainerItemProxy */ = {
			isa = PBXContainerItemProxy;
			containerPortal = F7F8541B251E82E50059FC4F /* Project object */;
			proxyType = 1;
			remoteGlobalIDString = F7F85422251E82E50059FC4F;
			remoteInfo = flixter;
		};
/* End PBXContainerItemProxy section */

/* Begin PBXFileReference section */
		005D670A03FB0909CCB6D4A2 /* Pods-flixter.debug.xcconfig */ = {isa = PBXFileReference; includeInIndex = 1; lastKnownFileType = text.xcconfig; name = "Pods-flixter.debug.xcconfig"; path = "Target Support Files/Pods-flixter/Pods-flixter.debug.xcconfig"; sourceTree = "<group>"; };
		097C22D94E26E390A8708EA1 /* Pods_flixter_flixterUITests.framework */ = {isa = PBXFileReference; explicitFileType = wrapper.framework; includeInIndex = 0; path = Pods_flixter_flixterUITests.framework; sourceTree = BUILT_PRODUCTS_DIR; };
		1F7006BCB10CA2F2181A51DD /* Pods-flixterTests.release.xcconfig */ = {isa = PBXFileReference; includeInIndex = 1; lastKnownFileType = text.xcconfig; name = "Pods-flixterTests.release.xcconfig"; path = "Target Support Files/Pods-flixterTests/Pods-flixterTests.release.xcconfig"; sourceTree = "<group>"; };
		456687343A47CA802252B0DB /* Pods-flixter.release.xcconfig */ = {isa = PBXFileReference; includeInIndex = 1; lastKnownFileType = text.xcconfig; name = "Pods-flixter.release.xcconfig"; path = "Target Support Files/Pods-flixter/Pods-flixter.release.xcconfig"; sourceTree = "<group>"; };
		4DF43AE1B9F9498A1E367D3E /* Pods-flixterTests.debug.xcconfig */ = {isa = PBXFileReference; includeInIndex = 1; lastKnownFileType = text.xcconfig; name = "Pods-flixterTests.debug.xcconfig"; path = "Target Support Files/Pods-flixterTests/Pods-flixterTests.debug.xcconfig"; sourceTree = "<group>"; };
		6E86680F10328365103A6E4E /* Pods_flixterTests.framework */ = {isa = PBXFileReference; explicitFileType = wrapper.framework; includeInIndex = 0; path = Pods_flixterTests.framework; sourceTree = BUILT_PRODUCTS_DIR; };
		82A08C04AA1D1AAFFE4775CC /* Pods_flixter.framework */ = {isa = PBXFileReference; explicitFileType = wrapper.framework; includeInIndex = 0; path = Pods_flixter.framework; sourceTree = BUILT_PRODUCTS_DIR; };
		D9871BE57D5EF0050EDB479D /* Pods-flixter-flixterUITests.debug.xcconfig */ = {isa = PBXFileReference; includeInIndex = 1; lastKnownFileType = text.xcconfig; name = "Pods-flixter-flixterUITests.debug.xcconfig"; path = "Target Support Files/Pods-flixter-flixterUITests/Pods-flixter-flixterUITests.debug.xcconfig"; sourceTree = "<group>"; };
		F494EB152B7F2F38D31A252A /* Pods-flixter-flixterUITests.release.xcconfig */ = {isa = PBXFileReference; includeInIndex = 1; lastKnownFileType = text.xcconfig; name = "Pods-flixter-flixterUITests.release.xcconfig"; path = "Target Support Files/Pods-flixter-flixterUITests/Pods-flixter-flixterUITests.release.xcconfig"; sourceTree = "<group>"; };
		F72816EA2525C34800C543BB /* MovieGridDetailsViewController.swift */ = {isa = PBXFileReference; lastKnownFileType = sourcecode.swift; path = MovieGridDetailsViewController.swift; sourceTree = "<group>"; };
		F74916832521C4BD007242A8 /* MovieGridViewController.swift */ = {isa = PBXFileReference; lastKnownFileType = sourcecode.swift; path = MovieGridViewController.swift; sourceTree = "<group>"; };
		F74916982521D815007242A8 /* MovieGridCell.swift */ = {isa = PBXFileReference; lastKnownFileType = sourcecode.swift; path = MovieGridCell.swift; sourceTree = "<group>"; };
		F7F85423251E82E50059FC4F /* flixter.app */ = {isa = PBXFileReference; explicitFileType = wrapper.application; includeInIndex = 0; path = flixter.app; sourceTree = BUILT_PRODUCTS_DIR; };
		F7F85426251E82E50059FC4F /* AppDelegate.swift */ = {isa = PBXFileReference; lastKnownFileType = sourcecode.swift; path = AppDelegate.swift; sourceTree = "<group>"; };
		F7F85428251E82E50059FC4F /* SceneDelegate.swift */ = {isa = PBXFileReference; lastKnownFileType = sourcecode.swift; path = SceneDelegate.swift; sourceTree = "<group>"; };
		F7F8542D251E82E50059FC4F /* Base */ = {isa = PBXFileReference; lastKnownFileType = file.storyboard; name = Base; path = Base.lproj/Main.storyboard; sourceTree = "<group>"; };
		F7F8542F251E82E80059FC4F /* Assets.xcassets */ = {isa = PBXFileReference; lastKnownFileType = folder.assetcatalog; path = Assets.xcassets; sourceTree = "<group>"; };
		F7F85432251E82E80059FC4F /* Base */ = {isa = PBXFileReference; lastKnownFileType = file.storyboard; name = Base; path = Base.lproj/LaunchScreen.storyboard; sourceTree = "<group>"; };
		F7F85434251E82E80059FC4F /* Info.plist */ = {isa = PBXFileReference; lastKnownFileType = text.plist.xml; path = Info.plist; sourceTree = "<group>"; };
		F7F85439251E82E80059FC4F /* flixterTests.xctest */ = {isa = PBXFileReference; explicitFileType = wrapper.cfbundle; includeInIndex = 0; path = flixterTests.xctest; sourceTree = BUILT_PRODUCTS_DIR; };
		F7F8543D251E82E80059FC4F /* flixterTests.swift */ = {isa = PBXFileReference; lastKnownFileType = sourcecode.swift; path = flixterTests.swift; sourceTree = "<group>"; };
		F7F8543F251E82E80059FC4F /* Info.plist */ = {isa = PBXFileReference; lastKnownFileType = text.plist.xml; path = Info.plist; sourceTree = "<group>"; };
		F7F85444251E82E80059FC4F /* flixterUITests.xctest */ = {isa = PBXFileReference; explicitFileType = wrapper.cfbundle; includeInIndex = 0; path = flixterUITests.xctest; sourceTree = BUILT_PRODUCTS_DIR; };
		F7F85448251E82E80059FC4F /* flixterUITests.swift */ = {isa = PBXFileReference; lastKnownFileType = sourcecode.swift; path = flixterUITests.swift; sourceTree = "<group>"; };
		F7F8544A251E82E80059FC4F /* Info.plist */ = {isa = PBXFileReference; lastKnownFileType = text.plist.xml; path = Info.plist; sourceTree = "<group>"; };
		F7F85467251E88F50059FC4F /* MoviesViewController.swift */ = {isa = PBXFileReference; lastKnownFileType = sourcecode.swift; path = MoviesViewController.swift; sourceTree = "<group>"; };
		F7F8547E251EFE3A0059FC4F /* MovieCell.swift */ = {isa = PBXFileReference; lastKnownFileType = sourcecode.swift; path = MovieCell.swift; sourceTree = "<group>"; };
		F7FEED8E2520F98C005D38FC /* MovieDetailsViewController.swift */ = {isa = PBXFileReference; lastKnownFileType = sourcecode.swift; path = MovieDetailsViewController.swift; sourceTree = "<group>"; };
/* End PBXFileReference section */

/* Begin PBXFrameworksBuildPhase section */
		F7F85420251E82E50059FC4F /* Frameworks */ = {
			isa = PBXFrameworksBuildPhase;
			buildActionMask = 2147483647;
			files = (
				AB9446F8EBDDA02A9A1188C8 /* Pods_flixter.framework in Frameworks */,
			);
			runOnlyForDeploymentPostprocessing = 0;
		};
		F7F85436251E82E80059FC4F /* Frameworks */ = {
			isa = PBXFrameworksBuildPhase;
			buildActionMask = 2147483647;
			files = (
				41CC5CEFFB2B75F99BA1E671 /* Pods_flixterTests.framework in Frameworks */,
			);
			runOnlyForDeploymentPostprocessing = 0;
		};
		F7F85441251E82E80059FC4F /* Frameworks */ = {
			isa = PBXFrameworksBuildPhase;
			buildActionMask = 2147483647;
			files = (
				F043553F0567EFC351852795 /* Pods_flixter_flixterUITests.framework in Frameworks */,
			);
			runOnlyForDeploymentPostprocessing = 0;
		};
/* End PBXFrameworksBuildPhase section */

/* Begin PBXGroup section */
		0CF6E0E1137536DC172E3009 /* Frameworks */ = {
			isa = PBXGroup;
			children = (
				82A08C04AA1D1AAFFE4775CC /* Pods_flixter.framework */,
				097C22D94E26E390A8708EA1 /* Pods_flixter_flixterUITests.framework */,
				6E86680F10328365103A6E4E /* Pods_flixterTests.framework */,
			);
			name = Frameworks;
			sourceTree = "<group>";
		};
		467740245D7D0827D4344AE1 /* Pods */ = {
			isa = PBXGroup;
			children = (
				005D670A03FB0909CCB6D4A2 /* Pods-flixter.debug.xcconfig */,
				456687343A47CA802252B0DB /* Pods-flixter.release.xcconfig */,
				D9871BE57D5EF0050EDB479D /* Pods-flixter-flixterUITests.debug.xcconfig */,
				F494EB152B7F2F38D31A252A /* Pods-flixter-flixterUITests.release.xcconfig */,
				4DF43AE1B9F9498A1E367D3E /* Pods-flixterTests.debug.xcconfig */,
				1F7006BCB10CA2F2181A51DD /* Pods-flixterTests.release.xcconfig */,
			);
			path = Pods;
			sourceTree = "<group>";
		};
		F7F8541A251E82E50059FC4F = {
			isa = PBXGroup;
			children = (
				F7F85425251E82E50059FC4F /* flixter */,
				F7F8543C251E82E80059FC4F /* flixterTests */,
				F7F85447251E82E80059FC4F /* flixterUITests */,
				F7F85424251E82E50059FC4F /* Products */,
				467740245D7D0827D4344AE1 /* Pods */,
				0CF6E0E1137536DC172E3009 /* Frameworks */,
			);
			sourceTree = "<group>";
		};
		F7F85424251E82E50059FC4F /* Products */ = {
			isa = PBXGroup;
			children = (
				F7F85423251E82E50059FC4F /* flixter.app */,
				F7F85439251E82E80059FC4F /* flixterTests.xctest */,
				F7F85444251E82E80059FC4F /* flixterUITests.xctest */,
			);
			name = Products;
			sourceTree = "<group>";
		};
		F7F85425251E82E50059FC4F /* flixter */ = {
			isa = PBXGroup;
			children = (
				F7F85426251E82E50059FC4F /* AppDelegate.swift */,
				F7F85428251E82E50059FC4F /* SceneDelegate.swift */,
				F7F8542C251E82E50059FC4F /* Main.storyboard */,
				F7FEED8E2520F98C005D38FC /* MovieDetailsViewController.swift */,
				F7F8542F251E82E80059FC4F /* Assets.xcassets */,
				F7F85431251E82E80059FC4F /* LaunchScreen.storyboard */,
				F7F85434251E82E80059FC4F /* Info.plist */,
				F7F85467251E88F50059FC4F /* MoviesViewController.swift */,
				F7F8547E251EFE3A0059FC4F /* MovieCell.swift */,
				F74916832521C4BD007242A8 /* MovieGridViewController.swift */,
				F72816EA2525C34800C543BB /* MovieGridDetailsViewController.swift */,
				F74916982521D815007242A8 /* MovieGridCell.swift */,
			);
			path = flixter;
			sourceTree = "<group>";
		};
		F7F8543C251E82E80059FC4F /* flixterTests */ = {
			isa = PBXGroup;
			children = (
				F7F8543D251E82E80059FC4F /* flixterTests.swift */,
				F7F8543F251E82E80059FC4F /* Info.plist */,
			);
			path = flixterTests;
			sourceTree = "<group>";
		};
		F7F85447251E82E80059FC4F /* flixterUITests */ = {
			isa = PBXGroup;
			children = (
				F7F85448251E82E80059FC4F /* flixterUITests.swift */,
				F7F8544A251E82E80059FC4F /* Info.plist */,
			);
			path = flixterUITests;
			sourceTree = "<group>";
		};
/* End PBXGroup section */

/* Begin PBXNativeTarget section */
		F7F85422251E82E50059FC4F /* flixter */ = {
			isa = PBXNativeTarget;
			buildConfigurationList = F7F8544D251E82E80059FC4F /* Build configuration list for PBXNativeTarget "flixter" */;
			buildPhases = (
				036B796B1AD53B2F6C3B3D35 /* [CP] Check Pods Manifest.lock */,
				F7F8541F251E82E50059FC4F /* Sources */,
				F7F85420251E82E50059FC4F /* Frameworks */,
				F7F85421251E82E50059FC4F /* Resources */,
				4569CAF32CCF7FE08C5ABBB5 /* [CP] Embed Pods Frameworks */,
			);
			buildRules = (
			);
			dependencies = (
			);
			name = flixter;
			productName = flixter;
			productReference = F7F85423251E82E50059FC4F /* flixter.app */;
			productType = "com.apple.product-type.application";
		};
		F7F85438251E82E80059FC4F /* flixterTests */ = {
			isa = PBXNativeTarget;
			buildConfigurationList = F7F85450251E82E80059FC4F /* Build configuration list for PBXNativeTarget "flixterTests" */;
			buildPhases = (
				05E1B51A1D1231649C7B8179 /* [CP] Check Pods Manifest.lock */,
				F7F85435251E82E80059FC4F /* Sources */,
				F7F85436251E82E80059FC4F /* Frameworks */,
				F7F85437251E82E80059FC4F /* Resources */,
			);
			buildRules = (
			);
			dependencies = (
				F7F8543B251E82E80059FC4F /* PBXTargetDependency */,
			);
			name = flixterTests;
			productName = flixterTests;
			productReference = F7F85439251E82E80059FC4F /* flixterTests.xctest */;
			productType = "com.apple.product-type.bundle.unit-test";
		};
		F7F85443251E82E80059FC4F /* flixterUITests */ = {
			isa = PBXNativeTarget;
			buildConfigurationList = F7F85453251E82E80059FC4F /* Build configuration list for PBXNativeTarget "flixterUITests" */;
			buildPhases = (
				91E4F5E7794201DE5EDD28C7 /* [CP] Check Pods Manifest.lock */,
				F7F85440251E82E80059FC4F /* Sources */,
				F7F85441251E82E80059FC4F /* Frameworks */,
				F7F85442251E82E80059FC4F /* Resources */,
				15934DF2F2297CF481B76F84 /* [CP] Embed Pods Frameworks */,
			);
			buildRules = (
			);
			dependencies = (
				F7F85446251E82E80059FC4F /* PBXTargetDependency */,
			);
			name = flixterUITests;
			productName = flixterUITests;
			productReference = F7F85444251E82E80059FC4F /* flixterUITests.xctest */;
			productType = "com.apple.product-type.bundle.ui-testing";
		};
/* End PBXNativeTarget section */

/* Begin PBXProject section */
		F7F8541B251E82E50059FC4F /* Project object */ = {
			isa = PBXProject;
			attributes = {
				LastSwiftUpdateCheck = 1200;
				LastUpgradeCheck = 1200;
				TargetAttributes = {
					F7F85422251E82E50059FC4F = {
						CreatedOnToolsVersion = 12.0;
					};
					F7F85438251E82E80059FC4F = {
						CreatedOnToolsVersion = 12.0;
						TestTargetID = F7F85422251E82E50059FC4F;
					};
					F7F85443251E82E80059FC4F = {
						CreatedOnToolsVersion = 12.0;
						TestTargetID = F7F85422251E82E50059FC4F;
					};
				};
			};
			buildConfigurationList = F7F8541E251E82E50059FC4F /* Build configuration list for PBXProject "flixter" */;
			compatibilityVersion = "Xcode 9.3";
			developmentRegion = en;
			hasScannedForEncodings = 0;
			knownRegions = (
				en,
				Base,
			);
			mainGroup = F7F8541A251E82E50059FC4F;
			productRefGroup = F7F85424251E82E50059FC4F /* Products */;
			projectDirPath = "";
			projectRoot = "";
			targets = (
				F7F85422251E82E50059FC4F /* flixter */,
				F7F85438251E82E80059FC4F /* flixterTests */,
				F7F85443251E82E80059FC4F /* flixterUITests */,
			);
		};
/* End PBXProject section */

/* Begin PBXResourcesBuildPhase section */
		F7F85421251E82E50059FC4F /* Resources */ = {
			isa = PBXResourcesBuildPhase;
			buildActionMask = 2147483647;
			files = (
				F7F85433251E82E80059FC4F /* LaunchScreen.storyboard in Resources */,
				F7F85430251E82E80059FC4F /* Assets.xcassets in Resources */,
				F7F8542E251E82E50059FC4F /* Main.storyboard in Resources */,
			);
			runOnlyForDeploymentPostprocessing = 0;
		};
		F7F85437251E82E80059FC4F /* Resources */ = {
			isa = PBXResourcesBuildPhase;
			buildActionMask = 2147483647;
			files = (
			);
			runOnlyForDeploymentPostprocessing = 0;
		};
		F7F85442251E82E80059FC4F /* Resources */ = {
			isa = PBXResourcesBuildPhase;
			buildActionMask = 2147483647;
			files = (
			);
			runOnlyForDeploymentPostprocessing = 0;
		};
/* End PBXResourcesBuildPhase section */

/* Begin PBXShellScriptBuildPhase section */
		036B796B1AD53B2F6C3B3D35 /* [CP] Check Pods Manifest.lock */ = {
			isa = PBXShellScriptBuildPhase;
			buildActionMask = 2147483647;
			files = (
			);
			inputFileListPaths = (
			);
			inputPaths = (
				"${PODS_PODFILE_DIR_PATH}/Podfile.lock",
				"${PODS_ROOT}/Manifest.lock",
			);
			name = "[CP] Check Pods Manifest.lock";
			outputFileListPaths = (
			);
			outputPaths = (
				"$(DERIVED_FILE_DIR)/Pods-flixter-checkManifestLockResult.txt",
			);
			runOnlyForDeploymentPostprocessing = 0;
			shellPath = /bin/sh;
			shellScript = "diff \"${PODS_PODFILE_DIR_PATH}/Podfile.lock\" \"${PODS_ROOT}/Manifest.lock\" > /dev/null\nif [ $? != 0 ] ; then\n    # print error to STDERR\n    echo \"error: The sandbox is not in sync with the Podfile.lock. Run 'pod install' or update your CocoaPods installation.\" >&2\n    exit 1\nfi\n# This output is used by Xcode 'outputs' to avoid re-running this script phase.\necho \"SUCCESS\" > \"${SCRIPT_OUTPUT_FILE_0}\"\n";
			showEnvVarsInLog = 0;
		};
		05E1B51A1D1231649C7B8179 /* [CP] Check Pods Manifest.lock */ = {
			isa = PBXShellScriptBuildPhase;
			buildActionMask = 2147483647;
			files = (
			);
			inputFileListPaths = (
			);
			inputPaths = (
				"${PODS_PODFILE_DIR_PATH}/Podfile.lock",
				"${PODS_ROOT}/Manifest.lock",
			);
			name = "[CP] Check Pods Manifest.lock";
			outputFileListPaths = (
			);
			outputPaths = (
				"$(DERIVED_FILE_DIR)/Pods-flixterTests-checkManifestLockResult.txt",
			);
			runOnlyForDeploymentPostprocessing = 0;
			shellPath = /bin/sh;
			shellScript = "diff \"${PODS_PODFILE_DIR_PATH}/Podfile.lock\" \"${PODS_ROOT}/Manifest.lock\" > /dev/null\nif [ $? != 0 ] ; then\n    # print error to STDERR\n    echo \"error: The sandbox is not in sync with the Podfile.lock. Run 'pod install' or update your CocoaPods installation.\" >&2\n    exit 1\nfi\n# This output is used by Xcode 'outputs' to avoid re-running this script phase.\necho \"SUCCESS\" > \"${SCRIPT_OUTPUT_FILE_0}\"\n";
			showEnvVarsInLog = 0;
		};
		15934DF2F2297CF481B76F84 /* [CP] Embed Pods Frameworks */ = {
			isa = PBXShellScriptBuildPhase;
			buildActionMask = 2147483647;
			files = (
			);
			inputFileListPaths = (
				"${PODS_ROOT}/Target Support Files/Pods-flixter-flixterUITests/Pods-flixter-flixterUITests-frameworks-${CONFIGURATION}-input-files.xcfilelist",
			);
			name = "[CP] Embed Pods Frameworks";
			outputFileListPaths = (
				"${PODS_ROOT}/Target Support Files/Pods-flixter-flixterUITests/Pods-flixter-flixterUITests-frameworks-${CONFIGURATION}-output-files.xcfilelist",
			);
			runOnlyForDeploymentPostprocessing = 0;
			shellPath = /bin/sh;
			shellScript = "\"${PODS_ROOT}/Target Support Files/Pods-flixter-flixterUITests/Pods-flixter-flixterUITests-frameworks.sh\"\n";
			showEnvVarsInLog = 0;
		};
		4569CAF32CCF7FE08C5ABBB5 /* [CP] Embed Pods Frameworks */ = {
			isa = PBXShellScriptBuildPhase;
			buildActionMask = 2147483647;
			files = (
			);
			inputFileListPaths = (
				"${PODS_ROOT}/Target Support Files/Pods-flixter/Pods-flixter-frameworks-${CONFIGURATION}-input-files.xcfilelist",
			);
			name = "[CP] Embed Pods Frameworks";
			outputFileListPaths = (
				"${PODS_ROOT}/Target Support Files/Pods-flixter/Pods-flixter-frameworks-${CONFIGURATION}-output-files.xcfilelist",
			);
			runOnlyForDeploymentPostprocessing = 0;
			shellPath = /bin/sh;
			shellScript = "\"${PODS_ROOT}/Target Support Files/Pods-flixter/Pods-flixter-frameworks.sh\"\n";
			showEnvVarsInLog = 0;
		};
		91E4F5E7794201DE5EDD28C7 /* [CP] Check Pods Manifest.lock */ = {
			isa = PBXShellScriptBuildPhase;
			buildActionMask = 2147483647;
			files = (
			);
			inputFileListPaths = (
			);
			inputPaths = (
				"${PODS_PODFILE_DIR_PATH}/Podfile.lock",
				"${PODS_ROOT}/Manifest.lock",
			);
			name = "[CP] Check Pods Manifest.lock";
			outputFileListPaths = (
			);
			outputPaths = (
				"$(DERIVED_FILE_DIR)/Pods-flixter-flixterUITests-checkManifestLockResult.txt",
			);
			runOnlyForDeploymentPostprocessing = 0;
			shellPath = /bin/sh;
			shellScript = "diff \"${PODS_PODFILE_DIR_PATH}/Podfile.lock\" \"${PODS_ROOT}/Manifest.lock\" > /dev/null\nif [ $? != 0 ] ; then\n    # print error to STDERR\n    echo \"error: The sandbox is not in sync with the Podfile.lock. Run 'pod install' or update your CocoaPods installation.\" >&2\n    exit 1\nfi\n# This output is used by Xcode 'outputs' to avoid re-running this script phase.\necho \"SUCCESS\" > \"${SCRIPT_OUTPUT_FILE_0}\"\n";
			showEnvVarsInLog = 0;
		};
/* End PBXShellScriptBuildPhase section */

/* Begin PBXSourcesBuildPhase section */
		F7F8541F251E82E50059FC4F /* Sources */ = {
			isa = PBXSourcesBuildPhase;
			buildActionMask = 2147483647;
			files = (
				F7FEED8F2520F98C005D38FC /* MovieDetailsViewController.swift in Sources */,
				F7F85427251E82E50059FC4F /* AppDelegate.swift in Sources */,
				F72816EB2525C34800C543BB /* MovieGridDetailsViewController.swift in Sources */,
				F7F85429251E82E50059FC4F /* SceneDelegate.swift in Sources */,
				F7F8547F251EFE3A0059FC4F /* MovieCell.swift in Sources */,
				F7F85468251E88F50059FC4F /* MoviesViewController.swift in Sources */,
				F74916842521C4BD007242A8 /* MovieGridViewController.swift in Sources */,
				F74916992521D815007242A8 /* MovieGridCell.swift in Sources */,
			);
			runOnlyForDeploymentPostprocessing = 0;
		};
		F7F85435251E82E80059FC4F /* Sources */ = {
			isa = PBXSourcesBuildPhase;
			buildActionMask = 2147483647;
			files = (
				F7F8543E251E82E80059FC4F /* flixterTests.swift in Sources */,
			);
			runOnlyForDeploymentPostprocessing = 0;
		};
		F7F85440251E82E80059FC4F /* Sources */ = {
			isa = PBXSourcesBuildPhase;
			buildActionMask = 2147483647;
			files = (
				F7F85449251E82E80059FC4F /* flixterUITests.swift in Sources */,
			);
			runOnlyForDeploymentPostprocessing = 0;
		};
/* End PBXSourcesBuildPhase section */

/* Begin PBXTargetDependency section */
		F7F8543B251E82E80059FC4F /* PBXTargetDependency */ = {
			isa = PBXTargetDependency;
			target = F7F85422251E82E50059FC4F /* flixter */;
			targetProxy = F7F8543A251E82E80059FC4F /* PBXContainerItemProxy */;
		};
		F7F85446251E82E80059FC4F /* PBXTargetDependency */ = {
			isa = PBXTargetDependency;
			target = F7F85422251E82E50059FC4F /* flixter */;
			targetProxy = F7F85445251E82E80059FC4F /* PBXContainerItemProxy */;
		};
/* End PBXTargetDependency section */

/* Begin PBXVariantGroup section */
		F7F8542C251E82E50059FC4F /* Main.storyboard */ = {
			isa = PBXVariantGroup;
			children = (
				F7F8542D251E82E50059FC4F /* Base */,
			);
			name = Main.storyboard;
			sourceTree = "<group>";
		};
		F7F85431251E82E80059FC4F /* LaunchScreen.storyboard */ = {
			isa = PBXVariantGroup;
			children = (
				F7F85432251E82E80059FC4F /* Base */,
			);
			name = LaunchScreen.storyboard;
			sourceTree = "<group>";
		};
/* End PBXVariantGroup section */

/* Begin XCBuildConfiguration section */
		F7F8544B251E82E80059FC4F /* Debug */ = {
			isa = XCBuildConfiguration;
			buildSettings = {
				ALWAYS_SEARCH_USER_PATHS = NO;
				CLANG_ANALYZER_NONNULL = YES;
				CLANG_ANALYZER_NUMBER_OBJECT_CONVERSION = YES_AGGRESSIVE;
				CLANG_CXX_LANGUAGE_STANDARD = "gnu++14";
				CLANG_CXX_LIBRARY = "libc++";
				CLANG_ENABLE_MODULES = YES;
				CLANG_ENABLE_OBJC_ARC = YES;
				CLANG_ENABLE_OBJC_WEAK = YES;
				CLANG_WARN_BLOCK_CAPTURE_AUTORELEASING = YES;
				CLANG_WARN_BOOL_CONVERSION = YES;
				CLANG_WARN_COMMA = YES;
				CLANG_WARN_CONSTANT_CONVERSION = YES;
				CLANG_WARN_DEPRECATED_OBJC_IMPLEMENTATIONS = YES;
				CLANG_WARN_DIRECT_OBJC_ISA_USAGE = YES_ERROR;
				CLANG_WARN_DOCUMENTATION_COMMENTS = YES;
				CLANG_WARN_EMPTY_BODY = YES;
				CLANG_WARN_ENUM_CONVERSION = YES;
				CLANG_WARN_INFINITE_RECURSION = YES;
				CLANG_WARN_INT_CONVERSION = YES;
				CLANG_WARN_NON_LITERAL_NULL_CONVERSION = YES;
				CLANG_WARN_OBJC_IMPLICIT_RETAIN_SELF = YES;
				CLANG_WARN_OBJC_LITERAL_CONVERSION = YES;
				CLANG_WARN_OBJC_ROOT_CLASS = YES_ERROR;
				CLANG_WARN_QUOTED_INCLUDE_IN_FRAMEWORK_HEADER = YES;
				CLANG_WARN_RANGE_LOOP_ANALYSIS = YES;
				CLANG_WARN_STRICT_PROTOTYPES = YES;
				CLANG_WARN_SUSPICIOUS_MOVE = YES;
				CLANG_WARN_UNGUARDED_AVAILABILITY = YES_AGGRESSIVE;
				CLANG_WARN_UNREACHABLE_CODE = YES;
				CLANG_WARN__DUPLICATE_METHOD_MATCH = YES;
				COPY_PHASE_STRIP = NO;
				DEBUG_INFORMATION_FORMAT = dwarf;
				ENABLE_STRICT_OBJC_MSGSEND = YES;
				ENABLE_TESTABILITY = YES;
				GCC_C_LANGUAGE_STANDARD = gnu11;
				GCC_DYNAMIC_NO_PIC = NO;
				GCC_NO_COMMON_BLOCKS = YES;
				GCC_OPTIMIZATION_LEVEL = 0;
				GCC_PREPROCESSOR_DEFINITIONS = (
					"DEBUG=1",
					"$(inherited)",
				);
				GCC_WARN_64_TO_32_BIT_CONVERSION = YES;
				GCC_WARN_ABOUT_RETURN_TYPE = YES_ERROR;
				GCC_WARN_UNDECLARED_SELECTOR = YES;
				GCC_WARN_UNINITIALIZED_AUTOS = YES_AGGRESSIVE;
				GCC_WARN_UNUSED_FUNCTION = YES;
				GCC_WARN_UNUSED_VARIABLE = YES;
				IPHONEOS_DEPLOYMENT_TARGET = 14.0;
				MTL_ENABLE_DEBUG_INFO = INCLUDE_SOURCE;
				MTL_FAST_MATH = YES;
				ONLY_ACTIVE_ARCH = YES;
				SDKROOT = iphoneos;
				SWIFT_ACTIVE_COMPILATION_CONDITIONS = DEBUG;
				SWIFT_OPTIMIZATION_LEVEL = "-Onone";
			};
			name = Debug;
		};
		F7F8544C251E82E80059FC4F /* Release */ = {
			isa = XCBuildConfiguration;
			buildSettings = {
				ALWAYS_SEARCH_USER_PATHS = NO;
				CLANG_ANALYZER_NONNULL = YES;
				CLANG_ANALYZER_NUMBER_OBJECT_CONVERSION = YES_AGGRESSIVE;
				CLANG_CXX_LANGUAGE_STANDARD = "gnu++14";
				CLANG_CXX_LIBRARY = "libc++";
				CLANG_ENABLE_MODULES = YES;
				CLANG_ENABLE_OBJC_ARC = YES;
				CLANG_ENABLE_OBJC_WEAK = YES;
				CLANG_WARN_BLOCK_CAPTURE_AUTORELEASING = YES;
				CLANG_WARN_BOOL_CONVERSION = YES;
				CLANG_WARN_COMMA = YES;
				CLANG_WARN_CONSTANT_CONVERSION = YES;
				CLANG_WARN_DEPRECATED_OBJC_IMPLEMENTATIONS = YES;
				CLANG_WARN_DIRECT_OBJC_ISA_USAGE = YES_ERROR;
				CLANG_WARN_DOCUMENTATION_COMMENTS = YES;
				CLANG_WARN_EMPTY_BODY = YES;
				CLANG_WARN_ENUM_CONVERSION = YES;
				CLANG_WARN_INFINITE_RECURSION = YES;
				CLANG_WARN_INT_CONVERSION = YES;
				CLANG_WARN_NON_LITERAL_NULL_CONVERSION = YES;
				CLANG_WARN_OBJC_IMPLICIT_RETAIN_SELF = YES;
				CLANG_WARN_OBJC_LITERAL_CONVERSION = YES;
				CLANG_WARN_OBJC_ROOT_CLASS = YES_ERROR;
				CLANG_WARN_QUOTED_INCLUDE_IN_FRAMEWORK_HEADER = YES;
				CLANG_WARN_RANGE_LOOP_ANALYSIS = YES;
				CLANG_WARN_STRICT_PROTOTYPES = YES;
				CLANG_WARN_SUSPICIOUS_MOVE = YES;
				CLANG_WARN_UNGUARDED_AVAILABILITY = YES_AGGRESSIVE;
				CLANG_WARN_UNREACHABLE_CODE = YES;
				CLANG_WARN__DUPLICATE_METHOD_MATCH = YES;
				COPY_PHASE_STRIP = NO;
				DEBUG_INFORMATION_FORMAT = "dwarf-with-dsym";
				ENABLE_NS_ASSERTIONS = NO;
				ENABLE_STRICT_OBJC_MSGSEND = YES;
				GCC_C_LANGUAGE_STANDARD = gnu11;
				GCC_NO_COMMON_BLOCKS = YES;
				GCC_WARN_64_TO_32_BIT_CONVERSION = YES;
				GCC_WARN_ABOUT_RETURN_TYPE = YES_ERROR;
				GCC_WARN_UNDECLARED_SELECTOR = YES;
				GCC_WARN_UNINITIALIZED_AUTOS = YES_AGGRESSIVE;
				GCC_WARN_UNUSED_FUNCTION = YES;
				GCC_WARN_UNUSED_VARIABLE = YES;
				IPHONEOS_DEPLOYMENT_TARGET = 14.0;
				MTL_ENABLE_DEBUG_INFO = NO;
				MTL_FAST_MATH = YES;
				SDKROOT = iphoneos;
				SWIFT_COMPILATION_MODE = wholemodule;
				SWIFT_OPTIMIZATION_LEVEL = "-O";
				VALIDATE_PRODUCT = YES;
			};
			name = Release;
		};
		F7F8544E251E82E80059FC4F /* Debug */ = {
			isa = XCBuildConfiguration;
			baseConfigurationReference = 005D670A03FB0909CCB6D4A2 /* Pods-flixter.debug.xcconfig */;
			buildSettings = {
				ASSETCATALOG_COMPILER_APPICON_NAME = AppIcon;
				ASSETCATALOG_COMPILER_GLOBAL_ACCENT_COLOR_NAME = AccentColor;
				CODE_SIGN_STYLE = Automatic;
				DEVELOPMENT_TEAM = 78L4WL6D9X;
				INFOPLIST_FILE = flixter/Info.plist;
				LD_RUNPATH_SEARCH_PATHS = (
					"$(inherited)",
					"@executable_path/Frameworks",
				);
				PRODUCT_BUNDLE_IDENTIFIER = shahidbinemdad.flixter;
				PRODUCT_NAME = "$(TARGET_NAME)";
				SWIFT_VERSION = 5.0;
				TARGETED_DEVICE_FAMILY = "1,2";
			};
			name = Debug;
		};
		F7F8544F251E82E80059FC4F /* Release */ = {
			isa = XCBuildConfiguration;
			baseConfigurationReference = 456687343A47CA802252B0DB /* Pods-flixter.release.xcconfig */;
			buildSettings = {
				ASSETCATALOG_COMPILER_APPICON_NAME = AppIcon;
				ASSETCATALOG_COMPILER_GLOBAL_ACCENT_COLOR_NAME = AccentColor;
				CODE_SIGN_STYLE = Automatic;
				DEVELOPMENT_TEAM = 78L4WL6D9X;
				INFOPLIST_FILE = flixter/Info.plist;
				LD_RUNPATH_SEARCH_PATHS = (
					"$(inherited)",
					"@executable_path/Frameworks",
				);
				PRODUCT_BUNDLE_IDENTIFIER = shahidbinemdad.flixter;
				PRODUCT_NAME = "$(TARGET_NAME)";
				SWIFT_VERSION = 5.0;
				TARGETED_DEVICE_FAMILY = "1,2";
			};
			name = Release;
		};
		F7F85451251E82E80059FC4F /* Debug */ = {
			isa = XCBuildConfiguration;
			baseConfigurationReference = 4DF43AE1B9F9498A1E367D3E /* Pods-flixterTests.debug.xcconfig */;
			buildSettings = {
				ALWAYS_EMBED_SWIFT_STANDARD_LIBRARIES = YES;
				BUNDLE_LOADER = "$(TEST_HOST)";
				CODE_SIGN_STYLE = Automatic;
				INFOPLIST_FILE = flixterTests/Info.plist;
				IPHONEOS_DEPLOYMENT_TARGET = 14.0;
				LD_RUNPATH_SEARCH_PATHS = (
					"$(inherited)",
					"@executable_path/Frameworks",
					"@loader_path/Frameworks",
				);
				PRODUCT_BUNDLE_IDENTIFIER = shahidbinemdad.flixterTests;
				PRODUCT_NAME = "$(TARGET_NAME)";
				SWIFT_VERSION = 5.0;
				TARGETED_DEVICE_FAMILY = "1,2";
				TEST_HOST = "$(BUILT_PRODUCTS_DIR)/flixter.app/flixter";
			};
			name = Debug;
		};
		F7F85452251E82E80059FC4F /* Release */ = {
			isa = XCBuildConfiguration;
			baseConfigurationReference = 1F7006BCB10CA2F2181A51DD /* Pods-flixterTests.release.xcconfig */;
			buildSettings = {
				ALWAYS_EMBED_SWIFT_STANDARD_LIBRARIES = YES;
				BUNDLE_LOADER = "$(TEST_HOST)";
				CODE_SIGN_STYLE = Automatic;
				INFOPLIST_FILE = flixterTests/Info.plist;
				IPHONEOS_DEPLOYMENT_TARGET = 14.0;
				LD_RUNPATH_SEARCH_PATHS = (
					"$(inherited)",
					"@executable_path/Frameworks",
					"@loader_path/Frameworks",
				);
				PRODUCT_BUNDLE_IDENTIFIER = shahidbinemdad.flixterTests;
				PRODUCT_NAME = "$(TARGET_NAME)";
				SWIFT_VERSION = 5.0;
				TARGETED_DEVICE_FAMILY = "1,2";
				TEST_HOST = "$(BUILT_PRODUCTS_DIR)/flixter.app/flixter";
			};
			name = Release;
		};
		F7F85454251E82E80059FC4F /* Debug */ = {
			isa = XCBuildConfiguration;
			baseConfigurationReference = D9871BE57D5EF0050EDB479D /* Pods-flixter-flixterUITests.debug.xcconfig */;
			buildSettings = {
				ALWAYS_EMBED_SWIFT_STANDARD_LIBRARIES = YES;
				CODE_SIGN_STYLE = Automatic;
				INFOPLIST_FILE = flixterUITests/Info.plist;
				LD_RUNPATH_SEARCH_PATHS = (
					"$(inherited)",
					"@executable_path/Frameworks",
					"@loader_path/Frameworks",
				);
				PRODUCT_BUNDLE_IDENTIFIER = shahidbinemdad.flixterUITests;
				PRODUCT_NAME = "$(TARGET_NAME)";
				SWIFT_VERSION = 5.0;
				TARGETED_DEVICE_FAMILY = "1,2";
				TEST_TARGET_NAME = flixter;
			};
			name = Debug;
		};
		F7F85455251E82E80059FC4F /* Release */ = {
			isa = XCBuildConfiguration;
			baseConfigurationReference = F494EB152B7F2F38D31A252A /* Pods-flixter-flixterUITests.release.xcconfig */;
			buildSettings = {
				ALWAYS_EMBED_SWIFT_STANDARD_LIBRARIES = YES;
				CODE_SIGN_STYLE = Automatic;
				INFOPLIST_FILE = flixterUITests/Info.plist;
				LD_RUNPATH_SEARCH_PATHS = (
					"$(inherited)",
					"@executable_path/Frameworks",
					"@loader_path/Frameworks",
				);
				PRODUCT_BUNDLE_IDENTIFIER = shahidbinemdad.flixterUITests;
				PRODUCT_NAME = "$(TARGET_NAME)";
				SWIFT_VERSION = 5.0;
				TARGETED_DEVICE_FAMILY = "1,2";
				TEST_TARGET_NAME = flixter;
			};
			name = Release;
		};
/* End XCBuildConfiguration section */

/* Begin XCConfigurationList section */
		F7F8541E251E82E50059FC4F /* Build configuration list for PBXProject "flixter" */ = {
			isa = XCConfigurationList;
			buildConfigurations = (
				F7F8544B251E82E80059FC4F /* Debug */,
				F7F8544C251E82E80059FC4F /* Release */,
			);
			defaultConfigurationIsVisible = 0;
			defaultConfigurationName = Release;
		};
		F7F8544D251E82E80059FC4F /* Build configuration list for PBXNativeTarget "flixter" */ = {
			isa = XCConfigurationList;
			buildConfigurations = (
				F7F8544E251E82E80059FC4F /* Debug */,
				F7F8544F251E82E80059FC4F /* Release */,
			);
			defaultConfigurationIsVisible = 0;
			defaultConfigurationName = Release;
		};
		F7F85450251E82E80059FC4F /* Build configuration list for PBXNativeTarget "flixterTests" */ = {
			isa = XCConfigurationList;
			buildConfigurations = (
				F7F85451251E82E80059FC4F /* Debug */,
				F7F85452251E82E80059FC4F /* Release */,
			);
			defaultConfigurationIsVisible = 0;
			defaultConfigurationName = Release;
		};
		F7F85453251E82E80059FC4F /* Build configuration list for PBXNativeTarget "flixterUITests" */ = {
			isa = XCConfigurationList;
			buildConfigurations = (
				F7F85454251E82E80059FC4F /* Debug */,
				F7F85455251E82E80059FC4F /* Release */,
			);
			defaultConfigurationIsVisible = 0;
			defaultConfigurationName = Release;
		};
/* End XCConfigurationList section */
	};
	rootObject = F7F8541B251E82E50059FC4F /* Project object */;
}
